// !$*UTF8*$!
{
	archiveVersion = 1;
	classes = {
	};
	objectVersion = 46;
	objects = {

/* Begin PBXBuildFile section */
		EFA6CD0E1E139482009C1833 /* AppDelegate.swift in Sources */ = {isa = PBXBuildFile; fileRef = EFA6CD0D1E139482009C1833 /* AppDelegate.swift */; };
		EFA6CD101E139482009C1833 /* ViewController.swift in Sources */ = {isa = PBXBuildFile; fileRef = EFA6CD0F1E139482009C1833 /* ViewController.swift */; };
		EFA6CD131E139482009C1833 /* Main.storyboard in Resources */ = {isa = PBXBuildFile; fileRef = EFA6CD111E139482009C1833 /* Main.storyboard */; };
		EFA6CD151E139482009C1833 /* Assets.xcassets in Resources */ = {isa = PBXBuildFile; fileRef = EFA6CD141E139482009C1833 /* Assets.xcassets */; };
		EFA6CD181E139482009C1833 /* LaunchScreen.storyboard in Resources */ = {isa = PBXBuildFile; fileRef = EFA6CD161E139482009C1833 /* LaunchScreen.storyboard */; };
/* End PBXBuildFile section */

/* Begin PBXFileReference section */
		EFA6CD0A1E139482009C1833 /* TestIOSApp1ForGithub.app */ = {isa = PBXFileReference; explicitFileType = wrapper.application; includeInIndex = 0; path = TestIOSApp1ForGithub.app; sourceTree = BUILT_PRODUCTS_DIR; };
		EFA6CD0D1E139482009C1833 /* AppDelegate.swift */ = {isa = PBXFileReference; lastKnownFileType = sourcecode.swift; path = AppDelegate.swift; sourceTree = "<group>"; };
		EFA6CD0F1E139482009C1833 /* ViewController.swift */ = {isa = PBXFileReference; lastKnownFileType = sourcecode.swift; path = ViewController.swift; sourceTree = "<group>"; };
		EFA6CD121E139482009C1833 /* Base */ = {isa = PBXFileReference; lastKnownFileType = file.storyboard; name = Base; path = Base.lproj/Main.storyboard; sourceTree = "<group>"; };
		EFA6CD141E139482009C1833 /* Assets.xcassets */ = {isa = PBXFileReference; lastKnownFileType = folder.assetcatalog; path = Assets.xcassets; sourceTree = "<group>"; };
		EFA6CD171E139482009C1833 /* Base */ = {isa = PBXFileReference; lastKnownFileType = file.storyboard; name = Base; path = Base.lproj/LaunchScreen.storyboard; sourceTree = "<group>"; };
		EFA6CD191E139482009C1833 /* Info.plist */ = {isa = PBXFileReference; lastKnownFileType = text.plist.xml; path = Info.plist; sourceTree = "<group>"; };
/* End PBXFileReference section */

/* Begin PBXFrameworksBuildPhase section */
		EFA6CD071E139482009C1833 /* Frameworks */ = {
			isa = PBXFrameworksBuildPhase;
			buildActionMask = 2147483647;
			files = (
			);
			runOnlyForDeploymentPostprocessing = 0;
		};
/* End PBXFrameworksBuildPhase section */

/* Begin PBXGroup section */
		EFA6CD011E139482009C1833 = {
			isa = PBXGroup;
			children = (
				EFA6CD0C1E139482009C1833 /* TestIOSApp1ForGithub */,
				EFA6CD0B1E139482009C1833 /* Products */,
			);
			sourceTree = "<group>";
		};
		EFA6CD0B1E139482009C1833 /* Products */ = {
			isa = PBXGroup;
			children = (
				EFA6CD0A1E139482009C1833 /* TestIOSApp1ForGithub.app */,
			);
			name = Products;
			sourceTree = "<group>";
		};
		EFA6CD0C1E139482009C1833 /* TestIOSApp1ForGithub */ = {
			isa = PBXGroup;
			children = (
				EFA6CD0D1E139482009C1833 /* AppDelegate.swift */,
				EFA6CD0F1E139482009C1833 /* ViewController.swift */,
				EFA6CD111E139482009C1833 /* Main.storyboard */,
				EFA6CD141E139482009C1833 /* Assets.xcassets */,
				EFA6CD161E139482009C1833 /* LaunchScreen.storyboard */,
				EFA6CD191E139482009C1833 /* Info.plist */,
			);
			path = TestIOSApp1ForGithub;
			sourceTree = "<group>";
		};
/* End PBXGroup section */

/* Begin PBXNativeTarget section */
		EFA6CD091E139482009C1833 /* TestIOSApp1ForGithub */ = {
			isa = PBXNativeTarget;
			buildConfigurationList = EFA6CD1C1E139482009C1833 /* Build configuration list for PBXNativeTarget "TestIOSApp1ForGithub" */;
			buildPhases = (
				EFA6CD061E139482009C1833 /* Sources */,
				EFA6CD071E139482009C1833 /* Frameworks */,
				EFA6CD081E139482009C1833 /* Resources */,
			);
			buildRules = (
			);
			dependencies = (
			);
			name = TestIOSApp1ForGithub;
			productName = TestIOSApp1ForGithub;
			productReference = EFA6CD0A1E139482009C1833 /* TestIOSApp1ForGithub.app */;
			productType = "com.apple.product-type.application";
		};
/* End PBXNativeTarget section */

/* Begin PBXProject section */
		EFA6CD021E139482009C1833 /* Project object */ = {
			isa = PBXProject;
			attributes = {
				LastSwiftUpdateCheck = 0820;
				LastUpgradeCheck = 0820;
				ORGANIZATIONNAME = SZL;
				TargetAttributes = {
					EFA6CD091E139482009C1833 = {
						CreatedOnToolsVersion = 8.2.1;
						ProvisioningStyle = Automatic;
					};
				};
			};
			buildConfigurationList = EFA6CD051E139482009C1833 /* Build configuration list for PBXProject "TestIOSApp1ForGithub" */;
			compatibilityVersion = "Xcode 3.2";
			developmentRegion = English;
			hasScannedForEncodings = 0;
			knownRegions = (
				en,
				Base,
			);
			mainGroup = EFA6CD011E139482009C1833;
			productRefGroup = EFA6CD0B1E139482009C1833 /* Products */;
			projectDirPath = "";
			projectRoot = "";
			targets = (
				EFA6CD091E139482009C1833 /* TestIOSApp1ForGithub */,
			);
		};
/* End PBXProject section */

/* Begin PBXResourcesBuildPhase section */
		EFA6CD081E139482009C1833 /* Resources */ = {
			isa = PBXResourcesBuildPhase;
			buildActionMask = 2147483647;
			files = (
				EFA6CD181E139482009C1833 /* LaunchScreen.storyboard in Resources */,
				EFA6CD151E139482009C1833 /* Assets.xcassets in Resources */,
				EFA6CD131E139482009C1833 /* Main.storyboard in Resources */,
			);
			runOnlyForDeploymentPostprocessing = 0;
		};
/* End PBXResourcesBuildPhase section */

/* Begin PBXSourcesBuildPhase section */
		EFA6CD061E139482009C1833 /* Sources */ = {
			isa = PBXSourcesBuildPhase;
			buildActionMask = 2147483647;
			files = (
				EFA6CD101E139482009C1833 /* ViewController.swift in Sources */,
				EFA6CD0E1E139482009C1833 /* AppDelegate.swift in Sources */,
			);
			runOnlyForDeploymentPostprocessing = 0;
		};
/* End PBXSourcesBuildPhase section */

/* Begin PBXVariantGroup section */
		EFA6CD111E139482009C1833 /* Main.storyboard */ = {
			isa = PBXVariantGroup;
			children = (
				EFA6CD121E139482009C1833 /* Base */,
			);
			name = Main.storyboard;
			sourceTree = "<group>";
		};
		EFA6CD161E139482009C1833 /* LaunchScreen.storyboard */ = {
			isa = PBXVariantGroup;
			children = (
				EFA6CD171E139482009C1833 /* Base */,
			);
			name = LaunchScreen.storyboard;
			sourceTree = "<group>";
		};
/* End PBXVariantGroup section */

/* Begin XCBuildConfiguration section */
		EFA6CD1A1E139482009C1833 /* Debug */ = {
			isa = XCBuildConfiguration;
			buildSettings = {
				ALWAYS_SEARCH_USER_PATHS = NO;
				CLANG_ANALYZER_NONNULL = YES;
				CLANG_CXX_LANGUAGE_STANDARD = "gnu++0x";
				CLANG_CXX_LIBRARY = "libc++";
				CLANG_ENABLE_MODULES = YES;
				CLANG_ENABLE_OBJC_ARC = YES;
				CLANG_WARN_BOOL_CONVERSION = YES;
				CLANG_WARN_CONSTANT_CONVERSION = YES;
				CLANG_WARN_DIRECT_OBJC_ISA_USAGE = YES_ERROR;
				CLANG_WARN_DOCUMENTATION_COMMENTS = YES;
				CLANG_WARN_EMPTY_BODY = YES;
				CLANG_WARN_ENUM_CONVERSION = YES;
				CLANG_WARN_INFINITE_RECURSION = YES;
				CLANG_WARN_INT_CONVERSION = YES;
				CLANG_WARN_OBJC_ROOT_CLASS = YES_ERROR;
				CLANG_WARN_SUSPICIOUS_MOVE = YES;
				CLANG_WARN_UNREACHABLE_CODE = YES;
				CLANG_WARN__DUPLICATE_METHOD_MATCH = YES;
				"CODE_SIGN_IDENTITY[sdk=iphoneos*]" = "iPhone Developer";
				COPY_PHASE_STRIP = NO;
				DEBUG_INFORMATION_FORMAT = dwarf;
				ENABLE_STRICT_OBJC_MSGSEND = YES;
				ENABLE_TESTABILITY = YES;
				GCC_C_LANGUAGE_STANDARD = gnu99;
				GCC_DYNAMIC_NO_PIC = NO;
				GCC_NO_COMMON_BLOCKS = YES;
				GCC_OPTIMIZATION_LEVEL = 0;
				GCC_PREPROCESSOR_DEFINITIONS = (
					"DEBUG=1",
					"$(inherited)",
				);
				GCC_WARN_64_TO_32_BIT_CONVERSION = YES;
				GCC_WARN_ABOUT_RETURN_TYPE = YES_ERROR;
				GCC_WARN_UNDECLARED_SELECTOR = YES;
				GCC_WARN_UNINITIALIZED_AUTOS = YES_AGGRESSIVE;
				GCC_WARN_UNUSED_FUNCTION = YES;
				GCC_WARN_UNUSED_VARIABLE = YES;
				IPHONEOS_DEPLOYMENT_TARGET = 10.2;
				MTL_ENABLE_DEBUG_INFO = YES;
				ONLY_ACTIVE_ARCH = YES;
				SDKROOT = iphoneos;
				SWIFT_ACTIVE_COMPILATION_CONDITIONS = DEBUG;
				SWIFT_OPTIMIZATION_LEVEL = "-Onone";
				TARGETED_DEVICE_FAMILY = "1,2";
			};
			name = Debug;
		};
		EFA6CD1B1E139482009C1833 /* Release */ = {
			isa = XCBuildConfiguration;
			buildSettings = {
				ALWAYS_SEARCH_USER_PATHS = NO;
				CLANG_ANALYZER_NONNULL = YES;
				CLANG_CXX_LANGUAGE_STANDARD = "gnu++0x";
				CLANG_CXX_LIBRARY = "libc++";
				CLANG_ENABLE_MODULES = YES;
				CLANG_ENABLE_OBJC_ARC = YES;
				CLANG_WARN_BOOL_CONVERSION = YES;
				CLANG_WARN_CONSTANT_CONVERSION = YES;
				CLANG_WARN_DIRECT_OBJC_ISA_USAGE = YES_ERROR;
				CLANG_WARN_DOCUMENTATION_COMMENTS = YES;
				CLANG_WARN_EMPTY_BODY = YES;
				CLANG_WARN_ENUM_CONVERSION = YES;
				CLANG_WARN_INFINITE_RECURSION = YES;
				CLANG_WARN_INT_CONVERSION = YES;
				CLANG_WARN_OBJC_ROOT_CLASS = YES_ERROR;
				CLANG_WARN_SUSPICIOUS_MOVE = YES;
				CLANG_WARN_UNREACHABLE_CODE = YES;
				CLANG_WARN__DUPLICATE_METHOD_MATCH = YES;
				"CODE_SIGN_IDENTITY[sdk=iphoneos*]" = "iPhone Developer";
				COPY_PHASE_STRIP = NO;
				DEBUG_INFORMATION_FORMAT = "dwarf-with-dsym";
				ENABLE_NS_ASSERTIONS = NO;
				ENABLE_STRICT_OBJC_MSGSEND = YES;
				GCC_C_LANGUAGE_STANDARD = gnu99;
				GCC_NO_COMMON_BLOCKS = YES;
				GCC_WARN_64_TO_32_BIT_CONVERSION = YES;
				GCC_WARN_ABOUT_RETURN_TYPE = YES_ERROR;
				GCC_WARN_UNDECLARED_SELECTOR = YES;
				GCC_WARN_UNINITIALIZED_AUTOS = YES_AGGRESSIVE;
				GCC_WARN_UNUSED_FUNCTION = YES;
				GCC_WARN_UNUSED_VARIABLE = YES;
				IPHONEOS_DEPLOYMENT_TARGET = 10.2;
				MTL_ENABLE_DEBUG_INFO = NO;
				SDKROOT = iphoneos;
				SWIFT_OPTIMIZATION_LEVEL = "-Owholemodule";
				TARGETED_DEVICE_FAMILY = "1,2";
				VALIDATE_PRODUCT = YES;
			};
			name = Release;
		};
		EFA6CD1D1E139482009C1833 /* Debug */ = {
			isa = XCBuildConfiguration;
			buildSettings = {
				ASSETCATALOG_COMPILER_APPICON_NAME = AppIcon;
				INFOPLIST_FILE = TestIOSApp1ForGithub/Info.plist;
				LD_RUNPATH_SEARCH_PATHS = "$(inherited) @executable_path/Frameworks";
				PRODUCT_BUNDLE_IDENTIFIER = SZL.TestIOSApp1ForGithub;
				PRODUCT_NAME = "$(TARGET_NAME)";
				SWIFT_VERSION = 3.0;
			};
			name = Debug;
		};
		EFA6CD1E1E139482009C1833 /* Release */ = {
			isa = XCBuildConfiguration;
			buildSettings = {
				ASSETCATALOG_COMPILER_APPICON_NAME = AppIcon;
				INFOPLIST_FILE = TestIOSApp1ForGithub/Info.plist;
				LD_RUNPATH_SEARCH_PATHS = "$(inherited) @executable_path/Frameworks";
				PRODUCT_BUNDLE_IDENTIFIER = SZL.TestIOSApp1ForGithub;
				PRODUCT_NAME = "$(TARGET_NAME)";
				SWIFT_VERSION = 3.0;
			};
			name = Release;
		};
/* End XCBuildConfiguration section */

/* Begin XCConfigurationList section */
		EFA6CD051E139482009C1833 /* Build configuration list for PBXProject "TestIOSApp1ForGithub" */ = {
			isa = XCConfigurationList;
			buildConfigurations = (
				EFA6CD1A1E139482009C1833 /* Debug */,
				EFA6CD1B1E139482009C1833 /* Release */,
			);
			defaultConfigurationIsVisible = 0;
			defaultConfigurationName = Release;
		};
		EFA6CD1C1E139482009C1833 /* Build configuration list for PBXNativeTarget "TestIOSApp1ForGithub" */ = {
			isa = XCConfigurationList;
			buildConfigurations = (
				EFA6CD1D1E139482009C1833 /* Debug */,
				EFA6CD1E1E139482009C1833 /* Release */,
			);
			defaultConfigurationIsVisible = 0;
		};
/* End XCConfigurationList section */
	};
	rootObject = EFA6CD021E139482009C1833 /* Project object */;
}
